
Microsoft Visual Studio Solution File, Format Version 12.00
# Visual Studio Version 17
VisualStudioVersion = 17.4.33213.308
MinimumVisualStudioVersion = 10.0.40219.1
Project("{FAE04EC0-301F-11D3-BF4B-00C04F79EFBC}") = "Interface", "Interface\Interface.csproj", "{61019C25-DFEA-4DC3-91EA-AB9EC95BD555}"
EndProject
Project("{FAE04EC0-301F-11D3-BF4B-00C04F79EFBC}") = "Business", "Business\Business.csproj", "{F27FE391-5BCB-4F8F-BF96-A5C2D15C6E36}"
EndProject
Project("{FAE04EC0-301F-11D3-BF4B-00C04F79EFBC}") = "DataAccess", "DataAccess\DataAccess.csproj", "{F6DEFD82-5F41-4447-8B5B-CB21B34F7856}"
EndProject
Global
	GlobalSection(SolutionConfigurationPlatforms) = preSolution
		Debug|Any CPU = Debug|Any CPU
		Release|Any CPU = Release|Any CPU
	EndGlobalSection
	GlobalSection(ProjectConfigurationPlatforms) = postSolution
		{61019C25-DFEA-4DC3-91EA-AB9EC95BD555}.Debug|Any CPU.ActiveCfg = Debug|Any CPU
		{61019C25-DFEA-4DC3-91EA-AB9EC95BD555}.Debug|Any CPU.Build.0 = Debug|Any CPU
		{61019C25-DFEA-4DC3-91EA-AB9EC95BD555}.Release|Any CPU.ActiveCfg = Release|Any CPU
		{61019C25-DFEA-4DC3-91EA-AB9EC95BD555}.Release|Any CPU.Build.0 = Release|Any CPU
		{F27FE391-5BCB-4F8F-BF96-A5C2D15C6E36}.Debug|Any CPU.ActiveCfg = Debug|Any CPU
		{F27FE391-5BCB-4F8F-BF96-A5C2D15C6E36}.Debug|Any CPU.Build.0 = Debug|Any CPU
		{F27FE391-5BCB-4F8F-BF96-A5C2D15C6E36}.Release|Any CPU.ActiveCfg = Release|Any CPU
		{F27FE391-5BCB-4F8F-BF96-A5C2D15C6E36}.Release|Any CPU.Build.0 = Release|Any CPU
		{F6DEFD82-5F41-4447-8B5B-CB21B34F7856}.Debug|Any CPU.ActiveCfg = Debug|Any CPU
		{F6DEFD82-5F41-4447-8B5B-CB21B34F7856}.Debug|Any CPU.Build.0 = Debug|Any CPU
		{F6DEFD82-5F41-4447-8B5B-CB21B34F7856}.Release|Any CPU.ActiveCfg = Release|Any CPU
		{F6DEFD82-5F41-4447-8B5B-CB21B34F7856}.Release|Any CPU.Build.0 = Release|Any CPU
	EndGlobalSection
	GlobalSection(SolutionProperties) = preSolution
		HideSolutionNode = FALSE
	EndGlobalSection
	GlobalSection(ExtensibilityGlobals) = postSolution
		SolutionGuid = {0AC66A04-FE3A-4911-94E5-8A066A0CE517}
	EndGlobalSection
EndGlobal
